
Microsoft Visual Studio Solution File, Format Version 12.00
# Visual Studio Version 17
VisualStudioVersion = 17.9.34723.18
MinimumVisualStudioVersion = 10.0.40219.1
Project("{FAE04EC0-301F-11D3-BF4B-00C04F79EFBC}") = "NanYinShiTeachersCollege", "NanYinShiTeachersCollege\NanYinShiTeachersCollege.csproj", "{05603A80-FEC8-40CF-8A15-BFABD460D1BD}"
EndProject
Global
	GlobalSection(SolutionConfigurationPlatforms) = preSolution
		Debug|Any CPU = Debug|Any CPU
		Release|Any CPU = Release|Any CPU
	EndGlobalSection
	GlobalSection(ProjectConfigurationPlatforms) = postSolution
		{05603A80-FEC8-40CF-8A15-BFABD460D1BD}.Debug|Any CPU.ActiveCfg = Debug|Any CPU
		{05603A80-FEC8-40CF-8A15-BFABD460D1BD}.Debug|Any CPU.Build.0 = Debug|Any CPU
		{05603A80-FEC8-40CF-8A15-BFABD460D1BD}.Release|Any CPU.ActiveCfg = Release|Any CPU
		{05603A80-FEC8-40CF-8A15-BFABD460D1BD}.Release|Any CPU.Build.0 = Release|Any CPU
	EndGlobalSection
	GlobalSection(SolutionProperties) = preSolution
		HideSolutionNode = FALSE
	EndGlobalSection
	GlobalSection(ExtensibilityGlobals) = postSolution
		SolutionGuid = {C26AF3BB-0CF7-44C5-8A9E-539EBE3728C7}
	EndGlobalSection
EndGlobal
